
Microsoft Visual Studio Solution File, Format Version 12.00
# Visual Studio Version 17
VisualStudioVersion = 17.8.34330.188
MinimumVisualStudioVersion = 10.0.40219.1
Project("{FAE04EC0-301F-11D3-BF4B-00C04F79EFBC}") = "BeatmapPackager", "BeatmapPackager.csproj", "{C01E2ACC-ACF3-4D8E-9417-AF192D0A9FBB}"
EndProject
Global
	GlobalSection(SolutionConfigurationPlatforms) = preSolution
		Debug|Any CPU = Debug|Any CPU
		Release|Any CPU = Release|Any CPU
	EndGlobalSection
	GlobalSection(ProjectConfigurationPlatforms) = postSolution
		{C01E2ACC-ACF3-4D8E-9417-AF192D0A9FBB}.Debug|Any CPU.ActiveCfg = Debug|Any CPU
		{C01E2ACC-ACF3-4D8E-9417-AF192D0A9FBB}.Debug|Any CPU.Build.0 = Debug|Any CPU
		{C01E2ACC-ACF3-4D8E-9417-AF192D0A9FBB}.Release|Any CPU.ActiveCfg = Release|Any CPU
		{C01E2ACC-ACF3-4D8E-9417-AF192D0A9FBB}.Release|Any CPU.Build.0 = Release|Any CPU
	EndGlobalSection
	GlobalSection(SolutionProperties) = preSolution
		HideSolutionNode = FALSE
	EndGlobalSection
	GlobalSection(ExtensibilityGlobals) = postSolution
		SolutionGuid = {869212EA-E55B-47E0-A000-866B527FB230}
	EndGlobalSection
EndGlobal
