
Microsoft Visual Studio Solution File, Format Version 12.00
# Visual Studio Version 17
VisualStudioVersion = 17.8.34330.188
MinimumVisualStudioVersion = 10.0.40219.1
Project("{9A19103F-16F7-4668-BE54-9A1E7A4F7556}") = "BeatmapPackager", "BeatmapPackager.csproj", "{C01E2ACC-ACF3-4D8E-9417-AF192D0A9FBB}"
EndProject
Global
	GlobalSection(SolutionConfigurationPlatforms) = preSolution
		Debug|Any CPU = Debug|Any CPU
		Debug|x64 = Debug|x64
		Release|Any CPU = Release|Any CPU
		Release|x64 = Release|x64
	EndGlobalSection
	GlobalSection(ProjectConfigurationPlatforms) = postSolution
		{C01E2ACC-ACF3-4D8E-9417-AF192D0A9FBB}.Debug|Any CPU.ActiveCfg = Debug|Any CPU
		{C01E2ACC-ACF3-4D8E-9417-AF192D0A9FBB}.Debug|Any CPU.Build.0 = Debug|Any CPU
		{C01E2ACC-ACF3-4D8E-9417-AF192D0A9FBB}.Debug|x64.ActiveCfg = Debug|x64
		{C01E2ACC-ACF3-4D8E-9417-AF192D0A9FBB}.Debug|x64.Build.0 = Debug|x64
		{C01E2ACC-ACF3-4D8E-9417-AF192D0A9FBB}.Release|Any CPU.ActiveCfg = Release|Any CPU
		{C01E2ACC-ACF3-4D8E-9417-AF192D0A9FBB}.Release|Any CPU.Build.0 = Release|Any CPU
		{C01E2ACC-ACF3-4D8E-9417-AF192D0A9FBB}.Release|x64.ActiveCfg = Release|x64
		{C01E2ACC-ACF3-4D8E-9417-AF192D0A9FBB}.Release|x64.Build.0 = Release|x64
	EndGlobalSection
	GlobalSection(SolutionProperties) = preSolution
		HideSolutionNode = FALSE
	EndGlobalSection
	GlobalSection(ExtensibilityGlobals) = postSolution
		SolutionGuid = {869212EA-E55B-47E0-A000-866B527FB230}
	EndGlobalSection
EndGlobal
